
Microsoft Visual Studio Solution File, Format Version 12.00
# Visual Studio Version 17
VisualStudioVersion = 17.0.31903.59
MinimumVisualStudioVersion = 10.0.40219.1
Project("{FAE04EC0-301F-11D3-BF4B-00C04F79EFBC}") = "DirectoryServices", "DirectoryServices\DirectoryServices.csproj", "{747B21BD-78DC-4767-99C4-C796407DCDB8}"
EndProject
Project("{FAE04EC0-301F-11D3-BF4B-00C04F79EFBC}") = "DirectoryServices.Tests", "DirectoryServices.Tests\DirectoryServices.Tests.csproj", "{80926FA6-67F6-4646-8B7B-D8CF68402A89}"
EndProject
Global
	GlobalSection(SolutionConfigurationPlatforms) = preSolution
		Debug|Any CPU = Debug|Any CPU
		Release|Any CPU = Release|Any CPU
	EndGlobalSection
	GlobalSection(SolutionProperties) = preSolution
		HideSolutionNode = FALSE
	EndGlobalSection
	GlobalSection(ProjectConfigurationPlatforms) = postSolution
		{747B21BD-78DC-4767-99C4-C796407DCDB8}.Debug|Any CPU.ActiveCfg = Debug|Any CPU
		{747B21BD-78DC-4767-99C4-C796407DCDB8}.Debug|Any CPU.Build.0 = Debug|Any CPU
		{747B21BD-78DC-4767-99C4-C796407DCDB8}.Release|Any CPU.ActiveCfg = Release|Any CPU
		{747B21BD-78DC-4767-99C4-C796407DCDB8}.Release|Any CPU.Build.0 = Release|Any CPU
		{855749E2-E061-4053-8DDA-970E87E6FA38}.Debug|Any CPU.ActiveCfg = Debug|Any CPU
		{855749E2-E061-4053-8DDA-970E87E6FA38}.Debug|Any CPU.Build.0 = Debug|Any CPU
		{855749E2-E061-4053-8DDA-970E87E6FA38}.Release|Any CPU.ActiveCfg = Release|Any CPU
		{855749E2-E061-4053-8DDA-970E87E6FA38}.Release|Any CPU.Build.0 = Release|Any CPU
		{80926FA6-67F6-4646-8B7B-D8CF68402A89}.Debug|Any CPU.ActiveCfg = Debug|Any CPU
		{80926FA6-67F6-4646-8B7B-D8CF68402A89}.Debug|Any CPU.Build.0 = Debug|Any CPU
		{80926FA6-67F6-4646-8B7B-D8CF68402A89}.Release|Any CPU.ActiveCfg = Release|Any CPU
		{80926FA6-67F6-4646-8B7B-D8CF68402A89}.Release|Any CPU.Build.0 = Release|Any CPU
	EndGlobalSection
EndGlobal
